
Microsoft Visual Studio Solution File, Format Version 12.00
# Visual Studio Version 17
VisualStudioVersion = 17.6.33815.320
MinimumVisualStudioVersion = 10.0.40219.1
Project("{FAE04EC0-301F-11D3-BF4B-00C04F79EFBC}") = "SucursalesAPI", "SucursalesAPI\SucursalesAPI.csproj", "{250C552C-2404-48A3-B28D-6450C13658B6}"
EndProject
Project("{FAE04EC0-301F-11D3-BF4B-00C04F79EFBC}") = "SucursalesBL", "SucursalesBL\SucursalesBL.csproj", "{4BA63C3E-E173-42C8-9132-186F7E8FCEDF}"
EndProject
Project("{FAE04EC0-301F-11D3-BF4B-00C04F79EFBC}") = "SucursalesDAL", "SucursalesDAL\SucursalesDAL.csproj", "{D4D6D81D-7A1C-4A08-A39D-33A1DAE9880E}"
EndProject
Project("{FAE04EC0-301F-11D3-BF4B-00C04F79EFBC}") = "SucursalesEntities", "SucursalesEntities\SucursalesEntities.csproj", "{637AB453-B9B9-4F44-88DB-4FED8E9B6531}"
EndProject
Project("{FAE04EC0-301F-11D3-BF4B-00C04F79EFBC}") = "SucursalesUtils", "SucursalesUtils\SucursalesUtils.csproj", "{7CDAF50F-BA89-41BF-AC6F-6FA801FC297D}"
EndProject
Global
	GlobalSection(SolutionConfigurationPlatforms) = preSolution
		Debug|Any CPU = Debug|Any CPU
		Release|Any CPU = Release|Any CPU
	EndGlobalSection
	GlobalSection(ProjectConfigurationPlatforms) = postSolution
		{250C552C-2404-48A3-B28D-6450C13658B6}.Debug|Any CPU.ActiveCfg = Debug|Any CPU
		{250C552C-2404-48A3-B28D-6450C13658B6}.Debug|Any CPU.Build.0 = Debug|Any CPU
		{250C552C-2404-48A3-B28D-6450C13658B6}.Release|Any CPU.ActiveCfg = Release|Any CPU
		{250C552C-2404-48A3-B28D-6450C13658B6}.Release|Any CPU.Build.0 = Release|Any CPU
		{4BA63C3E-E173-42C8-9132-186F7E8FCEDF}.Debug|Any CPU.ActiveCfg = Debug|Any CPU
		{4BA63C3E-E173-42C8-9132-186F7E8FCEDF}.Debug|Any CPU.Build.0 = Debug|Any CPU
		{4BA63C3E-E173-42C8-9132-186F7E8FCEDF}.Release|Any CPU.ActiveCfg = Release|Any CPU
		{4BA63C3E-E173-42C8-9132-186F7E8FCEDF}.Release|Any CPU.Build.0 = Release|Any CPU
		{D4D6D81D-7A1C-4A08-A39D-33A1DAE9880E}.Debug|Any CPU.ActiveCfg = Debug|Any CPU
		{D4D6D81D-7A1C-4A08-A39D-33A1DAE9880E}.Debug|Any CPU.Build.0 = Debug|Any CPU
		{D4D6D81D-7A1C-4A08-A39D-33A1DAE9880E}.Release|Any CPU.ActiveCfg = Release|Any CPU
		{D4D6D81D-7A1C-4A08-A39D-33A1DAE9880E}.Release|Any CPU.Build.0 = Release|Any CPU
		{637AB453-B9B9-4F44-88DB-4FED8E9B6531}.Debug|Any CPU.ActiveCfg = Debug|Any CPU
		{637AB453-B9B9-4F44-88DB-4FED8E9B6531}.Debug|Any CPU.Build.0 = Debug|Any CPU
		{637AB453-B9B9-4F44-88DB-4FED8E9B6531}.Release|Any CPU.ActiveCfg = Release|Any CPU
		{637AB453-B9B9-4F44-88DB-4FED8E9B6531}.Release|Any CPU.Build.0 = Release|Any CPU
		{7CDAF50F-BA89-41BF-AC6F-6FA801FC297D}.Debug|Any CPU.ActiveCfg = Debug|Any CPU
		{7CDAF50F-BA89-41BF-AC6F-6FA801FC297D}.Debug|Any CPU.Build.0 = Debug|Any CPU
		{7CDAF50F-BA89-41BF-AC6F-6FA801FC297D}.Release|Any CPU.ActiveCfg = Release|Any CPU
		{7CDAF50F-BA89-41BF-AC6F-6FA801FC297D}.Release|Any CPU.Build.0 = Release|Any CPU
	EndGlobalSection
	GlobalSection(SolutionProperties) = preSolution
		HideSolutionNode = FALSE
	EndGlobalSection
	GlobalSection(ExtensibilityGlobals) = postSolution
		SolutionGuid = {E0003052-6AAD-4436-98A3-D0BF56C9FE8B}
	EndGlobalSection
EndGlobal
